
Microsoft Visual Studio Solution File, Format Version 12.00
# Visual Studio Version 17
VisualStudioVersion = 17.14.36202.13 d17.14
MinimumVisualStudioVersion = 10.0.40219.1
Project("{FAE04EC0-301F-11D3-BF4B-00C04F79EFBC}") = "Wheelzy.Api", "src\Wheelzy.Api\Wheelzy.Api.csproj", "{F3CA7B0D-8ED2-75F8-FEAA-A3EA577E96EA}"
EndProject
Project("{FAE04EC0-301F-11D3-BF4B-00C04F79EFBC}") = "Wheelzy.Domain", "src\Wheelzy.Domain\Wheelzy.Domain.csproj", "{F010FB62-9E22-34A2-2AF9-860C7D75CFA8}"
EndProject
Project("{FAE04EC0-301F-11D3-BF4B-00C04F79EFBC}") = "Wheelzy.Infrastructure", "src\Wheelzy.Infrastructure\Wheelzy.Infrastructure.csproj", "{0FCA9AD0-FA83-8C01-01EA-EA932F34BE97}"
EndProject
Project("{FAE04EC0-301F-11D3-BF4B-00C04F79EFBC}") = "Wheelzy.Tools.RoslynProcessor", "src\Wheelzy.Tools.RoslynProcessor\Wheelzy.Tools.RoslynProcessor.csproj", "{99F6A9FE-3143-BC7F-726E-91B9CA59F192}"
EndProject
Project("{FAE04EC0-301F-11D3-BF4B-00C04F79EFBC}") = "Wheelzy.Tools.Seed", "src\Wheelzy.Tools.Seed\Wheelzy.Tools.Seed.csproj", "{340952C3-2865-947E-CE6A-0D25BE1146EB}"
EndProject
Global
	GlobalSection(SolutionConfigurationPlatforms) = preSolution
		Debug|Any CPU = Debug|Any CPU
		Release|Any CPU = Release|Any CPU
	EndGlobalSection
	GlobalSection(ProjectConfigurationPlatforms) = postSolution
		{F3CA7B0D-8ED2-75F8-FEAA-A3EA577E96EA}.Debug|Any CPU.ActiveCfg = Debug|Any CPU
		{F3CA7B0D-8ED2-75F8-FEAA-A3EA577E96EA}.Debug|Any CPU.Build.0 = Debug|Any CPU
		{F3CA7B0D-8ED2-75F8-FEAA-A3EA577E96EA}.Release|Any CPU.ActiveCfg = Release|Any CPU
		{F3CA7B0D-8ED2-75F8-FEAA-A3EA577E96EA}.Release|Any CPU.Build.0 = Release|Any CPU
		{F010FB62-9E22-34A2-2AF9-860C7D75CFA8}.Debug|Any CPU.ActiveCfg = Debug|Any CPU
		{F010FB62-9E22-34A2-2AF9-860C7D75CFA8}.Debug|Any CPU.Build.0 = Debug|Any CPU
		{F010FB62-9E22-34A2-2AF9-860C7D75CFA8}.Release|Any CPU.ActiveCfg = Release|Any CPU
		{F010FB62-9E22-34A2-2AF9-860C7D75CFA8}.Release|Any CPU.Build.0 = Release|Any CPU
		{0FCA9AD0-FA83-8C01-01EA-EA932F34BE97}.Debug|Any CPU.ActiveCfg = Debug|Any CPU
		{0FCA9AD0-FA83-8C01-01EA-EA932F34BE97}.Debug|Any CPU.Build.0 = Debug|Any CPU
		{0FCA9AD0-FA83-8C01-01EA-EA932F34BE97}.Release|Any CPU.ActiveCfg = Release|Any CPU
		{0FCA9AD0-FA83-8C01-01EA-EA932F34BE97}.Release|Any CPU.Build.0 = Release|Any CPU
		{99F6A9FE-3143-BC7F-726E-91B9CA59F192}.Debug|Any CPU.ActiveCfg = Debug|Any CPU
		{99F6A9FE-3143-BC7F-726E-91B9CA59F192}.Debug|Any CPU.Build.0 = Debug|Any CPU
		{99F6A9FE-3143-BC7F-726E-91B9CA59F192}.Release|Any CPU.ActiveCfg = Release|Any CPU
		{99F6A9FE-3143-BC7F-726E-91B9CA59F192}.Release|Any CPU.Build.0 = Release|Any CPU
		{340952C3-2865-947E-CE6A-0D25BE1146EB}.Debug|Any CPU.ActiveCfg = Debug|Any CPU
		{340952C3-2865-947E-CE6A-0D25BE1146EB}.Debug|Any CPU.Build.0 = Debug|Any CPU
		{340952C3-2865-947E-CE6A-0D25BE1146EB}.Release|Any CPU.ActiveCfg = Release|Any CPU
		{340952C3-2865-947E-CE6A-0D25BE1146EB}.Release|Any CPU.Build.0 = Release|Any CPU
	EndGlobalSection
	GlobalSection(SolutionProperties) = preSolution
		HideSolutionNode = FALSE
	EndGlobalSection
	GlobalSection(ExtensibilityGlobals) = postSolution
		SolutionGuid = {91263F52-D342-4BDA-ACB3-CDB13FCFB636}
	EndGlobalSection
EndGlobal
